
Microsoft Visual Studio Solution File, Format Version 12.00
# Visual Studio Version 17
VisualStudioVersion = 17.0.31903.59
MinimumVisualStudioVersion = 10.0.40219.1
Project("{FAE04EC0-301F-11D3-BF4B-00C04F79EFBC}") = "API", "API\API.csproj", "{F70F4B53-AE21-481E-A30D-D4668FC0A4C2}"
EndProject
Project("{FAE04EC0-301F-11D3-BF4B-00C04F79EFBC}") = "Application", "Application\Application.csproj", "{9030DE34-CEFE-48B9-901B-28ED02CC232A}"
EndProject
Project("{FAE04EC0-301F-11D3-BF4B-00C04F79EFBC}") = "Domain", "Domain\Domain.csproj", "{1684B40A-7E07-42FF-BC54-C8FB6D05630A}"
EndProject
Project("{FAE04EC0-301F-11D3-BF4B-00C04F79EFBC}") = "Persistence", "Persistence\Persistence.csproj", "{6152D606-AA18-4D0F-AC25-D5DC0368EC88}"
EndProject
Global
	GlobalSection(SolutionConfigurationPlatforms) = preSolution
		Debug|Any CPU = Debug|Any CPU
		Release|Any CPU = Release|Any CPU
	EndGlobalSection
	GlobalSection(SolutionProperties) = preSolution
		HideSolutionNode = FALSE
	EndGlobalSection
	GlobalSection(ProjectConfigurationPlatforms) = postSolution
		{F70F4B53-AE21-481E-A30D-D4668FC0A4C2}.Debug|Any CPU.ActiveCfg = Debug|Any CPU
		{F70F4B53-AE21-481E-A30D-D4668FC0A4C2}.Debug|Any CPU.Build.0 = Debug|Any CPU
		{F70F4B53-AE21-481E-A30D-D4668FC0A4C2}.Release|Any CPU.ActiveCfg = Release|Any CPU
		{F70F4B53-AE21-481E-A30D-D4668FC0A4C2}.Release|Any CPU.Build.0 = Release|Any CPU
		{9030DE34-CEFE-48B9-901B-28ED02CC232A}.Debug|Any CPU.ActiveCfg = Debug|Any CPU
		{9030DE34-CEFE-48B9-901B-28ED02CC232A}.Debug|Any CPU.Build.0 = Debug|Any CPU
		{9030DE34-CEFE-48B9-901B-28ED02CC232A}.Release|Any CPU.ActiveCfg = Release|Any CPU
		{9030DE34-CEFE-48B9-901B-28ED02CC232A}.Release|Any CPU.Build.0 = Release|Any CPU
		{1684B40A-7E07-42FF-BC54-C8FB6D05630A}.Debug|Any CPU.ActiveCfg = Debug|Any CPU
		{1684B40A-7E07-42FF-BC54-C8FB6D05630A}.Debug|Any CPU.Build.0 = Debug|Any CPU
		{1684B40A-7E07-42FF-BC54-C8FB6D05630A}.Release|Any CPU.ActiveCfg = Release|Any CPU
		{1684B40A-7E07-42FF-BC54-C8FB6D05630A}.Release|Any CPU.Build.0 = Release|Any CPU
		{6152D606-AA18-4D0F-AC25-D5DC0368EC88}.Debug|Any CPU.ActiveCfg = Debug|Any CPU
		{6152D606-AA18-4D0F-AC25-D5DC0368EC88}.Debug|Any CPU.Build.0 = Debug|Any CPU
		{6152D606-AA18-4D0F-AC25-D5DC0368EC88}.Release|Any CPU.ActiveCfg = Release|Any CPU
		{6152D606-AA18-4D0F-AC25-D5DC0368EC88}.Release|Any CPU.Build.0 = Release|Any CPU
	EndGlobalSection
EndGlobal
